
Microsoft Visual Studio Solution File, Format Version 12.00
# Visual Studio Version 17
VisualStudioVersion = 17.11.35312.102
MinimumVisualStudioVersion = 10.0.40219.1
Project("{FAE04EC0-301F-11D3-BF4B-00C04F79EFBC}") = "Aplicacion_DAM2", "Aplicacion_DAM2.csproj", "{F6222F2F-5415-48D9-8EB6-0AA94E56E028}"
EndProject
Global
	GlobalSection(SolutionConfigurationPlatforms) = preSolution
		Debug|Any CPU = Debug|Any CPU
		Release|Any CPU = Release|Any CPU
	EndGlobalSection
	GlobalSection(ProjectConfigurationPlatforms) = postSolution
		{F6222F2F-5415-48D9-8EB6-0AA94E56E028}.Debug|Any CPU.ActiveCfg = Debug|Any CPU
		{F6222F2F-5415-48D9-8EB6-0AA94E56E028}.Debug|Any CPU.Build.0 = Debug|Any CPU
		{F6222F2F-5415-48D9-8EB6-0AA94E56E028}.Release|Any CPU.ActiveCfg = Release|Any CPU
		{F6222F2F-5415-48D9-8EB6-0AA94E56E028}.Release|Any CPU.Build.0 = Release|Any CPU
	EndGlobalSection
	GlobalSection(SolutionProperties) = preSolution
		HideSolutionNode = FALSE
	EndGlobalSection
	GlobalSection(ExtensibilityGlobals) = postSolution
		SolutionGuid = {B163ACF6-16E8-48AE-8A39-7FFA6D8BE6B4}
	EndGlobalSection
EndGlobal
